
Microsoft Visual Studio Solution File, Format Version 11.00
# Visual Studio 2010
Project("{FAE04EC0-301F-11D3-BF4B-00C04F79EFBC}") = "WordCountServiceLibrary", "WordCountServiceLibrary\WordCountServiceLibrary.csproj", "{11C7F493-203A-4227-A7EE-6A4D0A275EAA}"
EndProject
Project("{FAE04EC0-301F-11D3-BF4B-00C04F79EFBC}") = "WordCountServiceHost", "..\WordCountServiceHost\WordCountServiceHost\WordCountServiceHost.csproj", "{8AC4FE1A-32DA-4ED1-8F7B-A137F3082A57}"
EndProject
Project("{FAE04EC0-301F-11D3-BF4B-00C04F79EFBC}") = "WordCountProcessor", "..\WordCountProcessor\WordCountProcessor\WordCountProcessor.csproj", "{0E5A4E87-3D28-443E-A428-0987A589AD58}"
EndProject
Global
	GlobalSection(SolutionConfigurationPlatforms) = preSolution
		Debug|Any CPU = Debug|Any CPU
		Debug|Mixed Platforms = Debug|Mixed Platforms
		Debug|x86 = Debug|x86
		Release|Any CPU = Release|Any CPU
		Release|Mixed Platforms = Release|Mixed Platforms
		Release|x86 = Release|x86
	EndGlobalSection
	GlobalSection(ProjectConfigurationPlatforms) = postSolution
		{11C7F493-203A-4227-A7EE-6A4D0A275EAA}.Debug|Any CPU.ActiveCfg = Debug|Any CPU
		{11C7F493-203A-4227-A7EE-6A4D0A275EAA}.Debug|Any CPU.Build.0 = Debug|Any CPU
		{11C7F493-203A-4227-A7EE-6A4D0A275EAA}.Debug|Mixed Platforms.ActiveCfg = Debug|Any CPU
		{11C7F493-203A-4227-A7EE-6A4D0A275EAA}.Debug|Mixed Platforms.Build.0 = Debug|Any CPU
		{11C7F493-203A-4227-A7EE-6A4D0A275EAA}.Debug|x86.ActiveCfg = Debug|Any CPU
		{11C7F493-203A-4227-A7EE-6A4D0A275EAA}.Release|Any CPU.ActiveCfg = Release|Any CPU
		{11C7F493-203A-4227-A7EE-6A4D0A275EAA}.Release|Any CPU.Build.0 = Release|Any CPU
		{11C7F493-203A-4227-A7EE-6A4D0A275EAA}.Release|Mixed Platforms.ActiveCfg = Release|Any CPU
		{11C7F493-203A-4227-A7EE-6A4D0A275EAA}.Release|Mixed Platforms.Build.0 = Release|Any CPU
		{11C7F493-203A-4227-A7EE-6A4D0A275EAA}.Release|x86.ActiveCfg = Release|Any CPU
		{8AC4FE1A-32DA-4ED1-8F7B-A137F3082A57}.Debug|Any CPU.ActiveCfg = Debug|x86
		{8AC4FE1A-32DA-4ED1-8F7B-A137F3082A57}.Debug|Mixed Platforms.ActiveCfg = Debug|x86
		{8AC4FE1A-32DA-4ED1-8F7B-A137F3082A57}.Debug|Mixed Platforms.Build.0 = Debug|x86
		{8AC4FE1A-32DA-4ED1-8F7B-A137F3082A57}.Debug|x86.ActiveCfg = Debug|x86
		{8AC4FE1A-32DA-4ED1-8F7B-A137F3082A57}.Debug|x86.Build.0 = Debug|x86
		{8AC4FE1A-32DA-4ED1-8F7B-A137F3082A57}.Release|Any CPU.ActiveCfg = Release|x86
		{8AC4FE1A-32DA-4ED1-8F7B-A137F3082A57}.Release|Mixed Platforms.ActiveCfg = Release|x86
		{8AC4FE1A-32DA-4ED1-8F7B-A137F3082A57}.Release|Mixed Platforms.Build.0 = Release|x86
		{8AC4FE1A-32DA-4ED1-8F7B-A137F3082A57}.Release|x86.ActiveCfg = Release|x86
		{8AC4FE1A-32DA-4ED1-8F7B-A137F3082A57}.Release|x86.Build.0 = Release|x86
		{0E5A4E87-3D28-443E-A428-0987A589AD58}.Debug|Any CPU.ActiveCfg = Debug|Any CPU
		{0E5A4E87-3D28-443E-A428-0987A589AD58}.Debug|Any CPU.Build.0 = Debug|Any CPU
		{0E5A4E87-3D28-443E-A428-0987A589AD58}.Debug|Mixed Platforms.ActiveCfg = Debug|Any CPU
		{0E5A4E87-3D28-443E-A428-0987A589AD58}.Debug|Mixed Platforms.Build.0 = Debug|Any CPU
		{0E5A4E87-3D28-443E-A428-0987A589AD58}.Debug|x86.ActiveCfg = Debug|Any CPU
		{0E5A4E87-3D28-443E-A428-0987A589AD58}.Release|Any CPU.ActiveCfg = Release|Any CPU
		{0E5A4E87-3D28-443E-A428-0987A589AD58}.Release|Any CPU.Build.0 = Release|Any CPU
		{0E5A4E87-3D28-443E-A428-0987A589AD58}.Release|Mixed Platforms.ActiveCfg = Release|Any CPU
		{0E5A4E87-3D28-443E-A428-0987A589AD58}.Release|Mixed Platforms.Build.0 = Release|Any CPU
		{0E5A4E87-3D28-443E-A428-0987A589AD58}.Release|x86.ActiveCfg = Release|Any CPU
	EndGlobalSection
	GlobalSection(SolutionProperties) = preSolution
		HideSolutionNode = FALSE
	EndGlobalSection
EndGlobal
